
Microsoft Visual Studio Solution File, Format Version 12.00
# Visual Studio 15
VisualStudioVersion = 15.0.27130.2024
MinimumVisualStudioVersion = 10.0.40219.1
Project("{6EC3EE1D-3C4E-46DD-8F32-0CC8E7565705}") = "Chemistry", "Chemistry\Chemistry.fsproj", "{E643DCBF-A696-434D-B8EB-18821F93691E}"
EndProject
Global
	GlobalSection(SolutionConfigurationPlatforms) = preSolution
		Debug|Any CPU = Debug|Any CPU
		Debug|x64 = Debug|x64
		Debug|x86 = Debug|x86
		Release|Any CPU = Release|Any CPU
		Release|x64 = Release|x64
		Release|x86 = Release|x86
	EndGlobalSection
	GlobalSection(ProjectConfigurationPlatforms) = postSolution
		{E643DCBF-A696-434D-B8EB-18821F93691E}.Debug|Any CPU.ActiveCfg = Debug|Any CPU
		{E643DCBF-A696-434D-B8EB-18821F93691E}.Debug|Any CPU.Build.0 = Debug|Any CPU
		{E643DCBF-A696-434D-B8EB-18821F93691E}.Debug|x64.ActiveCfg = Debug|x64
		{E643DCBF-A696-434D-B8EB-18821F93691E}.Debug|x64.Build.0 = Debug|x64
		{E643DCBF-A696-434D-B8EB-18821F93691E}.Debug|x86.ActiveCfg = Debug|x86
		{E643DCBF-A696-434D-B8EB-18821F93691E}.Debug|x86.Build.0 = Debug|x86
		{E643DCBF-A696-434D-B8EB-18821F93691E}.Release|Any CPU.ActiveCfg = Release|Any CPU
		{E643DCBF-A696-434D-B8EB-18821F93691E}.Release|Any CPU.Build.0 = Release|Any CPU
		{E643DCBF-A696-434D-B8EB-18821F93691E}.Release|x64.ActiveCfg = Release|x64
		{E643DCBF-A696-434D-B8EB-18821F93691E}.Release|x64.Build.0 = Release|x64
		{E643DCBF-A696-434D-B8EB-18821F93691E}.Release|x86.ActiveCfg = Release|x86
		{E643DCBF-A696-434D-B8EB-18821F93691E}.Release|x86.Build.0 = Release|x86
	EndGlobalSection
	GlobalSection(SolutionProperties) = preSolution
		HideSolutionNode = FALSE
	EndGlobalSection
	GlobalSection(ExtensibilityGlobals) = postSolution
		SolutionGuid = {5D579CDE-842B-409A-A34F-F63217B19988}
	EndGlobalSection
EndGlobal
